
Microsoft Visual Studio Solution File, Format Version 12.00
# Visual Studio Version 17
VisualStudioVersion = 17.0.32112.339
MinimumVisualStudioVersion = 10.0.40219.1
Project("{FAE04EC0-301F-11D3-BF4B-00C04F79EFBC}") = "BasicArithmetic", "BasicArithmetic\BasicArithmetic.csproj", "{8AA966C7-1FCC-49A6-AB85-02E8A5489A69}"
EndProject
Global
	GlobalSection(SolutionConfigurationPlatforms) = preSolution
		Debug|Any CPU = Debug|Any CPU
		Release|Any CPU = Release|Any CPU
	EndGlobalSection
	GlobalSection(ProjectConfigurationPlatforms) = postSolution
		{8AA966C7-1FCC-49A6-AB85-02E8A5489A69}.Debug|Any CPU.ActiveCfg = Debug|Any CPU
		{8AA966C7-1FCC-49A6-AB85-02E8A5489A69}.Debug|Any CPU.Build.0 = Debug|Any CPU
		{8AA966C7-1FCC-49A6-AB85-02E8A5489A69}.Release|Any CPU.ActiveCfg = Release|Any CPU
		{8AA966C7-1FCC-49A6-AB85-02E8A5489A69}.Release|Any CPU.Build.0 = Release|Any CPU
	EndGlobalSection
	GlobalSection(SolutionProperties) = preSolution
		HideSolutionNode = FALSE
	EndGlobalSection
	GlobalSection(ExtensibilityGlobals) = postSolution
		SolutionGuid = {88D65449-69E4-4013-9DE3-D323CF8E3300}
	EndGlobalSection
EndGlobal
